
Microsoft Visual Studio Solution File, Format Version 12.00
# Visual Studio Version 17
VisualStudioVersion = 17.5.33424.131
MinimumVisualStudioVersion = 10.0.40219.1
Project("{9A19103F-16F7-4668-BE54-9A1E7A4F7556}") = "Core", "Core.csproj", "{EF7D56A8-29FD-4035-BDEC-9D51BD9A38D7}"
EndProject
Global
	GlobalSection(SolutionConfigurationPlatforms) = preSolution
		Debug|Any CPU = Debug|Any CPU
		Release|Any CPU = Release|Any CPU
	EndGlobalSection
	GlobalSection(ProjectConfigurationPlatforms) = postSolution
		{EF7D56A8-29FD-4035-BDEC-9D51BD9A38D7}.Debug|Any CPU.ActiveCfg = Debug|Any CPU
		{EF7D56A8-29FD-4035-BDEC-9D51BD9A38D7}.Debug|Any CPU.Build.0 = Debug|Any CPU
		{EF7D56A8-29FD-4035-BDEC-9D51BD9A38D7}.Release|Any CPU.ActiveCfg = Release|Any CPU
		{EF7D56A8-29FD-4035-BDEC-9D51BD9A38D7}.Release|Any CPU.Build.0 = Release|Any CPU
	EndGlobalSection
	GlobalSection(SolutionProperties) = preSolution
		HideSolutionNode = FALSE
	EndGlobalSection
	GlobalSection(ExtensibilityGlobals) = postSolution
		SolutionGuid = {C2C81174-F886-43BA-B6F1-71437AD2AD43}
	EndGlobalSection
EndGlobal
